# THIS IS AN AUTOGENERATED FILE. DO NOT EDIT THIS FILE DIRECTLY.
# yarn lockfile v1


domino@^2.1.6:
  version "2.1.6"
  resolved "https://registry.npm.taobao.org/domino/download/domino-2.1.6.tgz#fe4ace4310526e5e7b9d12c7de01b7f485a57ffe"
  integrity sha1-/krOQxBSbl57nRLH3gG39IWlf/4=

node-fetch@^2.6.1:
  version "2.6.1"
  resolved "https://registry.npm.taobao.org/node-fetch/download/node-fetch-2.6.1.tgz?cache=0&sync_timestamp=1602488073262&other_urls=https%3A%2F%2Fregistry.npm.taobao.org%2Fnode-fetch%2Fdownload%2Fnode-fetch-2.6.1.tgz#045bd323631f76ed2e2b55573394416b639a0052"
  integrity sha1-BFvTI2Mfdu0uK1VXM5RBa2OaAFI=

p-limit@^3.0.2:
  version "3.0.2"
  resolved "https://registry.npm.taobao.org/p-limit/download/p-limit-3.0.2.tgz?cache=0&sync_timestamp=1594559733441&other_urls=https%3A%2F%2Fregistry.npm.taobao.org%2Fp-limit%2Fdownload%2Fp-limit-3.0.2.tgz#1664e010af3cadc681baafd3e2a437be7b0fb5fe"
  integrity sha1-FmTgEK88rcaBuq/T4qQ3vnsPtf4=
  dependencies:
    p-try "^2.0.0"

p-try@^2.0.0:
  version "2.2.0"
  resolved "https://registry.npm.taobao.org/p-try/download/p-try-2.2.0.tgz#cb2868540e313d61de58fafbe35ce9004d5540e6"
  integrity sha1-yyhoVA4xPWHeWPr741zpAE1VQOY=

prettier@^2.1.2:
  version "2.1.2"
  resolved "https://registry.npm.taobao.org/prettier/download/prettier-2.1.2.tgz?cache=0&sync_timestamp=1600215777963&other_urls=https%3A%2F%2Fregistry.npm.taobao.org%2Fprettier%2Fdownload%2Fprettier-2.1.2.tgz#3050700dae2e4c8b67c4c3f666cdb8af405e1ce5"
  integrity sha1-MFBwDa4uTItnxMP2Zs24r0BeHOU=

turndown@^7.0.0:
  version "7.0.0"
  resolved "https://registry.npm.taobao.org/turndown/download/turndown-7.0.0.tgz#19b2a6a2d1d700387a1e07665414e4af4fec5225"
  integrity sha1-GbKmotHXADh6HgdmVBTkr0/sUiU=
  dependencies:
    domino "^2.1.6"
